// !$*UTF8*$!
{
	archiveVersion = 1;
	classes = {
	};
	objectVersion = 56;
	objects = {

/* Begin PBXBuildFile section */
		A3F71017297905FB00705FBF /* AppDelegate.swift in Sources */ = {isa = PBXBuildFile; fileRef = A3F71016297905FB00705FBF /* AppDelegate.swift */; };
		A3F71019297905FB00705FBF /* SceneDelegate.swift in Sources */ = {isa = PBXBuildFile; fileRef = A3F71018297905FB00705FBF /* SceneDelegate.swift */; };
		A3F7101B297905FB00705FBF /* ViewController.swift in Sources */ = {isa = PBXBuildFile; fileRef = A3F7101A297905FB00705FBF /* ViewController.swift */; };
		A3F71020297905FC00705FBF /* Assets.xcassets in Resources */ = {isa = PBXBuildFile; fileRef = A3F7101F297905FC00705FBF /* Assets.xcassets */; };
		A3F71023297905FC00705FBF /* LaunchScreen.storyboard in Resources */ = {isa = PBXBuildFile; fileRef = A3F71021297905FC00705FBF /* LaunchScreen.storyboard */; };
		A3F7102C2979062F00705FBF /* Moya in Frameworks */ = {isa = PBXBuildFile; productRef = A3F7102B2979062F00705FBF /* Moya */; };
		A3F7102F2979063600705FBF /* Kingfisher in Frameworks */ = {isa = PBXBuildFile; productRef = A3F7102E2979063600705FBF /* Kingfisher */; };
		A3F710322979063F00705FBF /* SnapKit in Frameworks */ = {isa = PBXBuildFile; productRef = A3F710312979063F00705FBF /* SnapKit */; };
		A3F710352979064500705FBF /* Then in Frameworks */ = {isa = PBXBuildFile; productRef = A3F710342979064500705FBF /* Then */; };
		A3F710382979065900705FBF /* Lottie in Frameworks */ = {isa = PBXBuildFile; productRef = A3F710372979065900705FBF /* Lottie */; };
		A3F7103B2979067F00705FBF /* FSCalendar in Frameworks */ = {isa = PBXBuildFile; productRef = A3F7103A2979067F00705FBF /* FSCalendar */; };
		A3F7109C29790B0100705FBF /* UIStackView+.swift in Sources */ = {isa = PBXBuildFile; fileRef = A3F7108F29790B0000705FBF /* UIStackView+.swift */; };
		A3F7109D29790B0100705FBF /* UIView+.swift in Sources */ = {isa = PBXBuildFile; fileRef = A3F7109029790B0000705FBF /* UIView+.swift */; };
		A3F7109E29790B0100705FBF /* UITableView+.swift in Sources */ = {isa = PBXBuildFile; fileRef = A3F7109129790B0000705FBF /* UITableView+.swift */; };
		A3F7109F29790B0100705FBF /* UIButton+.swift in Sources */ = {isa = PBXBuildFile; fileRef = A3F7109229790B0000705FBF /* UIButton+.swift */; };
		A3F710A029790B0100705FBF /* UIViewController+.swift in Sources */ = {isa = PBXBuildFile; fileRef = A3F7109329790B0000705FBF /* UIViewController+.swift */; };
		A3F710A129790B0100705FBF /* UITabBar+.swift in Sources */ = {isa = PBXBuildFile; fileRef = A3F7109429790B0000705FBF /* UITabBar+.swift */; };
		A3F710A229790B0100705FBF /* UIDevice+.swift in Sources */ = {isa = PBXBuildFile; fileRef = A3F7109529790B0100705FBF /* UIDevice+.swift */; };
		A3F710A329790B0100705FBF /* UILabel+.swift in Sources */ = {isa = PBXBuildFile; fileRef = A3F7109629790B0100705FBF /* UILabel+.swift */; };
		A3F710A429790B0100705FBF /* UIColor+.swift in Sources */ = {isa = PBXBuildFile; fileRef = A3F7109729790B0100705FBF /* UIColor+.swift */; };
		A3F710A529790B0100705FBF /* UITextView+.swift in Sources */ = {isa = PBXBuildFile; fileRef = A3F7109829790B0100705FBF /* UITextView+.swift */; };
		A3F710A629790B0100705FBF /* UITextField+.swift in Sources */ = {isa = PBXBuildFile; fileRef = A3F7109929790B0100705FBF /* UITextField+.swift */; };
		A3F710A729790B0100705FBF /* UISwitch+.swift in Sources */ = {isa = PBXBuildFile; fileRef = A3F7109A29790B0100705FBF /* UISwitch+.swift */; };
		A3F710A829790B0100705FBF /* UIImage+.swift in Sources */ = {isa = PBXBuildFile; fileRef = A3F7109B29790B0100705FBF /* UIImage+.swift */; };
		A3F710AD29790B1200705FBF /* URL+.swift in Sources */ = {isa = PBXBuildFile; fileRef = A3F710A929790B1200705FBF /* URL+.swift */; };
		A3F710AE29790B1200705FBF /* String+.swift in Sources */ = {isa = PBXBuildFile; fileRef = A3F710AA29790B1200705FBF /* String+.swift */; };
		A3F710AF29790B1200705FBF /* Encodable+.swift in Sources */ = {isa = PBXBuildFile; fileRef = A3F710AB29790B1200705FBF /* Encodable+.swift */; };
		A3F710B029790B1200705FBF /* Result+.swift in Sources */ = {isa = PBXBuildFile; fileRef = A3F710AC29790B1200705FBF /* Result+.swift */; };
		A3F710B429790B1D00705FBF /* CancelBag.swift in Sources */ = {isa = PBXBuildFile; fileRef = A3F710B129790B1D00705FBF /* CancelBag.swift */; };
		A3F710B529790B1D00705FBF /* Publisher+Driver.swift in Sources */ = {isa = PBXBuildFile; fileRef = A3F710B229790B1D00705FBF /* Publisher+Driver.swift */; };
		A3F710B629790B1D00705FBF /* Publisher+UIControl.swift in Sources */ = {isa = PBXBuildFile; fileRef = A3F710B329790B1D00705FBF /* Publisher+UIControl.swift */; };
		A3F710C929790B3800705FBF /* UserDefaultWrapper.swift in Sources */ = {isa = PBXBuildFile; fileRef = A3F710B729790B3700705FBF /* UserDefaultWrapper.swift */; };
		A3F710CA29790B3800705FBF /* adjusted+.swift in Sources */ = {isa = PBXBuildFile; fileRef = A3F710B829790B3700705FBF /* adjusted+.swift */; };
		A3F710CB29790B3800705FBF /* setRootViewController.swift in Sources */ = {isa = PBXBuildFile; fileRef = A3F710B929790B3700705FBF /* setRootViewController.swift */; };
		A3F710CC29790B3800705FBF /* makeAlert.swift in Sources */ = {isa = PBXBuildFile; fileRef = A3F710BA29790B3700705FBF /* makeAlert.swift */; };
		A3F710CD29790B3800705FBF /* LoadingIndicator.swift in Sources */ = {isa = PBXBuildFile; fileRef = A3F710BB29790B3700705FBF /* LoadingIndicator.swift */; };
		A3F710CE29790B3800705FBF /* calculateStatusBarHeight.swift in Sources */ = {isa = PBXBuildFile; fileRef = A3F710BC29790B3700705FBF /* calculateStatusBarHeight.swift */; };
		A3F710CF29790B3800705FBF /* makeVibrate.swift in Sources */ = {isa = PBXBuildFile; fileRef = A3F710BD29790B3700705FBF /* makeVibrate.swift */; };
		A3F710D029790B3800705FBF /* Toast.swift in Sources */ = {isa = PBXBuildFile; fileRef = A3F710BE29790B3700705FBF /* Toast.swift */; };
		A3F710D129790B3800705FBF /* UserDefaultKeyList.swift in Sources */ = {isa = PBXBuildFile; fileRef = A3F710BF29790B3700705FBF /* UserDefaultKeyList.swift */; };
		A3F710D229790B3800705FBF /* calculateTopInset.swift in Sources */ = {isa = PBXBuildFile; fileRef = A3F710C029790B3700705FBF /* calculateTopInset.swift */; };
		A3F710D329790B3800705FBF /* addToolBar.swift in Sources */ = {isa = PBXBuildFile; fileRef = A3F710C129790B3800705FBF /* addToolBar.swift */; };
		A3F710D429790B3800705FBF /* setTextLineHeight.swift in Sources */ = {isa = PBXBuildFile; fileRef = A3F710C229790B3800705FBF /* setTextLineHeight.swift */; };
		A3F710D529790B3800705FBF /* getClassName.swift in Sources */ = {isa = PBXBuildFile; fileRef = A3F710C329790B3800705FBF /* getClassName.swift */; };
		A3F710D629790B3800705FBF /* JsonCoder.swift in Sources */ = {isa = PBXBuildFile; fileRef = A3F710C429790B3800705FBF /* JsonCoder.swift */; };
		A3F710D729790B3800705FBF /* calculatePastTime.swift in Sources */ = {isa = PBXBuildFile; fileRef = A3F710C529790B3800705FBF /* calculatePastTime.swift */; };
		A3F710D829790B3800705FBF /* setImage.swift in Sources */ = {isa = PBXBuildFile; fileRef = A3F710C629790B3800705FBF /* setImage.swift */; };
		A3F710D929790B3800705FBF /* applyShadow.swift in Sources */ = {isa = PBXBuildFile; fileRef = A3F710C729790B3800705FBF /* applyShadow.swift */; };
		A3F710DA29790B3800705FBF /* setStatusBarBackgroundColor.swift in Sources */ = {isa = PBXBuildFile; fileRef = A3F710C829790B3800705FBF /* setStatusBarBackgroundColor.swift */; };
/* End PBXBuildFile section */

/* Begin PBXFileReference section */
		A3F71013297905FB00705FBF /* Lifeteer-iOS.app */ = {isa = PBXFileReference; explicitFileType = wrapper.application; includeInIndex = 0; path = "Lifeteer-iOS.app"; sourceTree = BUILT_PRODUCTS_DIR; };
		A3F71016297905FB00705FBF /* AppDelegate.swift */ = {isa = PBXFileReference; lastKnownFileType = sourcecode.swift; path = AppDelegate.swift; sourceTree = "<group>"; };
		A3F71018297905FB00705FBF /* SceneDelegate.swift */ = {isa = PBXFileReference; lastKnownFileType = sourcecode.swift; path = SceneDelegate.swift; sourceTree = "<group>"; };
		A3F7101A297905FB00705FBF /* ViewController.swift */ = {isa = PBXFileReference; lastKnownFileType = sourcecode.swift; path = ViewController.swift; sourceTree = "<group>"; };
		A3F7101F297905FC00705FBF /* Assets.xcassets */ = {isa = PBXFileReference; lastKnownFileType = folder.assetcatalog; path = Assets.xcassets; sourceTree = "<group>"; };
		A3F71022297905FC00705FBF /* Base */ = {isa = PBXFileReference; lastKnownFileType = file.storyboard; name = Base; path = Base.lproj/LaunchScreen.storyboard; sourceTree = "<group>"; };
		A3F71024297905FC00705FBF /* Info.plist */ = {isa = PBXFileReference; lastKnownFileType = text.plist.xml; path = Info.plist; sourceTree = "<group>"; };
		A3F7108F29790B0000705FBF /* UIStackView+.swift */ = {isa = PBXFileReference; fileEncoding = 4; lastKnownFileType = sourcecode.swift; path = "UIStackView+.swift"; sourceTree = "<group>"; };
		A3F7109029790B0000705FBF /* UIView+.swift */ = {isa = PBXFileReference; fileEncoding = 4; lastKnownFileType = sourcecode.swift; path = "UIView+.swift"; sourceTree = "<group>"; };
		A3F7109129790B0000705FBF /* UITableView+.swift */ = {isa = PBXFileReference; fileEncoding = 4; lastKnownFileType = sourcecode.swift; path = "UITableView+.swift"; sourceTree = "<group>"; };
		A3F7109229790B0000705FBF /* UIButton+.swift */ = {isa = PBXFileReference; fileEncoding = 4; lastKnownFileType = sourcecode.swift; path = "UIButton+.swift"; sourceTree = "<group>"; };
		A3F7109329790B0000705FBF /* UIViewController+.swift */ = {isa = PBXFileReference; fileEncoding = 4; lastKnownFileType = sourcecode.swift; path = "UIViewController+.swift"; sourceTree = "<group>"; };
		A3F7109429790B0000705FBF /* UITabBar+.swift */ = {isa = PBXFileReference; fileEncoding = 4; lastKnownFileType = sourcecode.swift; path = "UITabBar+.swift"; sourceTree = "<group>"; };
		A3F7109529790B0100705FBF /* UIDevice+.swift */ = {isa = PBXFileReference; fileEncoding = 4; lastKnownFileType = sourcecode.swift; path = "UIDevice+.swift"; sourceTree = "<group>"; };
		A3F7109629790B0100705FBF /* UILabel+.swift */ = {isa = PBXFileReference; fileEncoding = 4; lastKnownFileType = sourcecode.swift; path = "UILabel+.swift"; sourceTree = "<group>"; };
		A3F7109729790B0100705FBF /* UIColor+.swift */ = {isa = PBXFileReference; fileEncoding = 4; lastKnownFileType = sourcecode.swift; path = "UIColor+.swift"; sourceTree = "<group>"; };
		A3F7109829790B0100705FBF /* UITextView+.swift */ = {isa = PBXFileReference; fileEncoding = 4; lastKnownFileType = sourcecode.swift; path = "UITextView+.swift"; sourceTree = "<group>"; };
		A3F7109929790B0100705FBF /* UITextField+.swift */ = {isa = PBXFileReference; fileEncoding = 4; lastKnownFileType = sourcecode.swift; path = "UITextField+.swift"; sourceTree = "<group>"; };
		A3F7109A29790B0100705FBF /* UISwitch+.swift */ = {isa = PBXFileReference; fileEncoding = 4; lastKnownFileType = sourcecode.swift; path = "UISwitch+.swift"; sourceTree = "<group>"; };
		A3F7109B29790B0100705FBF /* UIImage+.swift */ = {isa = PBXFileReference; fileEncoding = 4; lastKnownFileType = sourcecode.swift; path = "UIImage+.swift"; sourceTree = "<group>"; };
		A3F710A929790B1200705FBF /* URL+.swift */ = {isa = PBXFileReference; fileEncoding = 4; lastKnownFileType = sourcecode.swift; path = "URL+.swift"; sourceTree = "<group>"; };
		A3F710AA29790B1200705FBF /* String+.swift */ = {isa = PBXFileReference; fileEncoding = 4; lastKnownFileType = sourcecode.swift; path = "String+.swift"; sourceTree = "<group>"; };
		A3F710AB29790B1200705FBF /* Encodable+.swift */ = {isa = PBXFileReference; fileEncoding = 4; lastKnownFileType = sourcecode.swift; path = "Encodable+.swift"; sourceTree = "<group>"; };
		A3F710AC29790B1200705FBF /* Result+.swift */ = {isa = PBXFileReference; fileEncoding = 4; lastKnownFileType = sourcecode.swift; path = "Result+.swift"; sourceTree = "<group>"; };
		A3F710B129790B1D00705FBF /* CancelBag.swift */ = {isa = PBXFileReference; fileEncoding = 4; lastKnownFileType = sourcecode.swift; path = CancelBag.swift; sourceTree = "<group>"; };
		A3F710B229790B1D00705FBF /* Publisher+Driver.swift */ = {isa = PBXFileReference; fileEncoding = 4; lastKnownFileType = sourcecode.swift; path = "Publisher+Driver.swift"; sourceTree = "<group>"; };
		A3F710B329790B1D00705FBF /* Publisher+UIControl.swift */ = {isa = PBXFileReference; fileEncoding = 4; lastKnownFileType = sourcecode.swift; path = "Publisher+UIControl.swift"; sourceTree = "<group>"; };
		A3F710B729790B3700705FBF /* UserDefaultWrapper.swift */ = {isa = PBXFileReference; fileEncoding = 4; lastKnownFileType = sourcecode.swift; path = UserDefaultWrapper.swift; sourceTree = "<group>"; };
		A3F710B829790B3700705FBF /* adjusted+.swift */ = {isa = PBXFileReference; fileEncoding = 4; lastKnownFileType = sourcecode.swift; path = "adjusted+.swift"; sourceTree = "<group>"; };
		A3F710B929790B3700705FBF /* setRootViewController.swift */ = {isa = PBXFileReference; fileEncoding = 4; lastKnownFileType = sourcecode.swift; path = setRootViewController.swift; sourceTree = "<group>"; };
		A3F710BA29790B3700705FBF /* makeAlert.swift */ = {isa = PBXFileReference; fileEncoding = 4; lastKnownFileType = sourcecode.swift; path = makeAlert.swift; sourceTree = "<group>"; };
		A3F710BB29790B3700705FBF /* LoadingIndicator.swift */ = {isa = PBXFileReference; fileEncoding = 4; lastKnownFileType = sourcecode.swift; path = LoadingIndicator.swift; sourceTree = "<group>"; };
		A3F710BC29790B3700705FBF /* calculateStatusBarHeight.swift */ = {isa = PBXFileReference; fileEncoding = 4; lastKnownFileType = sourcecode.swift; path = calculateStatusBarHeight.swift; sourceTree = "<group>"; };
		A3F710BD29790B3700705FBF /* makeVibrate.swift */ = {isa = PBXFileReference; fileEncoding = 4; lastKnownFileType = sourcecode.swift; path = makeVibrate.swift; sourceTree = "<group>"; };
		A3F710BE29790B3700705FBF /* Toast.swift */ = {isa = PBXFileReference; fileEncoding = 4; lastKnownFileType = sourcecode.swift; path = Toast.swift; sourceTree = "<group>"; };
		A3F710BF29790B3700705FBF /* UserDefaultKeyList.swift */ = {isa = PBXFileReference; fileEncoding = 4; lastKnownFileType = sourcecode.swift; path = UserDefaultKeyList.swift; sourceTree = "<group>"; };
		A3F710C029790B3700705FBF /* calculateTopInset.swift */ = {isa = PBXFileReference; fileEncoding = 4; lastKnownFileType = sourcecode.swift; path = calculateTopInset.swift; sourceTree = "<group>"; };
		A3F710C129790B3800705FBF /* addToolBar.swift */ = {isa = PBXFileReference; fileEncoding = 4; lastKnownFileType = sourcecode.swift; path = addToolBar.swift; sourceTree = "<group>"; };
		A3F710C229790B3800705FBF /* setTextLineHeight.swift */ = {isa = PBXFileReference; fileEncoding = 4; lastKnownFileType = sourcecode.swift; path = setTextLineHeight.swift; sourceTree = "<group>"; };
		A3F710C329790B3800705FBF /* getClassName.swift */ = {isa = PBXFileReference; fileEncoding = 4; lastKnownFileType = sourcecode.swift; path = getClassName.swift; sourceTree = "<group>"; };
		A3F710C429790B3800705FBF /* JsonCoder.swift */ = {isa = PBXFileReference; fileEncoding = 4; lastKnownFileType = sourcecode.swift; path = JsonCoder.swift; sourceTree = "<group>"; };
		A3F710C529790B3800705FBF /* calculatePastTime.swift */ = {isa = PBXFileReference; fileEncoding = 4; lastKnownFileType = sourcecode.swift; path = calculatePastTime.swift; sourceTree = "<group>"; };
		A3F710C629790B3800705FBF /* setImage.swift */ = {isa = PBXFileReference; fileEncoding = 4; lastKnownFileType = sourcecode.swift; path = setImage.swift; sourceTree = "<group>"; };
		A3F710C729790B3800705FBF /* applyShadow.swift */ = {isa = PBXFileReference; fileEncoding = 4; lastKnownFileType = sourcecode.swift; path = applyShadow.swift; sourceTree = "<group>"; };
		A3F710C829790B3800705FBF /* setStatusBarBackgroundColor.swift */ = {isa = PBXFileReference; fileEncoding = 4; lastKnownFileType = sourcecode.swift; path = setStatusBarBackgroundColor.swift; sourceTree = "<group>"; };
/* End PBXFileReference section */

/* Begin PBXFrameworksBuildPhase section */
		A3F71010297905FB00705FBF /* Frameworks */ = {
			isa = PBXFrameworksBuildPhase;
			buildActionMask = 2147483647;
			files = (
				A3F710382979065900705FBF /* Lottie in Frameworks */,
				A3F7103B2979067F00705FBF /* FSCalendar in Frameworks */,
				A3F710322979063F00705FBF /* SnapKit in Frameworks */,
				A3F7102F2979063600705FBF /* Kingfisher in Frameworks */,
				A3F7102C2979062F00705FBF /* Moya in Frameworks */,
				A3F710352979064500705FBF /* Then in Frameworks */,
			);
			runOnlyForDeploymentPostprocessing = 0;
		};
/* End PBXFrameworksBuildPhase section */

/* Begin PBXGroup section */
		A3F7100A297905FB00705FBF = {
			isa = PBXGroup;
			children = (
				A3F71015297905FB00705FBF /* Lifeteer-iOS */,
				A3F71014297905FB00705FBF /* Products */,
			);
			sourceTree = "<group>";
		};
		A3F71014297905FB00705FBF /* Products */ = {
			isa = PBXGroup;
			children = (
				A3F71013297905FB00705FBF /* Lifeteer-iOS.app */,
			);
			name = Products;
			sourceTree = "<group>";
		};
		A3F71015297905FB00705FBF /* Lifeteer-iOS */ = {
			isa = PBXGroup;
			children = (
				A3F7103E2979070800705FBF /* Global */,
				A3F7103D2979070400705FBF /* Network */,
				A3F7103C297906FE00705FBF /* Presentation */,
				A3F7101A297905FB00705FBF /* ViewController.swift */,
				A3F71024297905FC00705FBF /* Info.plist */,
			);
			path = "Lifeteer-iOS";
			sourceTree = "<group>";
		};
		A3F7103C297906FE00705FBF /* Presentation */ = {
			isa = PBXGroup;
			children = (
				A3F71053297907A100705FBF /* Splash */,
				A3F710522979079900705FBF /* SignIn */,
				A3F710512979079100705FBF /* Landing */,
				A3F710502979078A00705FBF /* TabBar */,
				A3F7104F2979078400705FBF /* Letter */,
				A3F7104E2979077700705FBF /* RecordedWill */,
				A3F7104D2979076F00705FBF /* MindSet */,
				A3F7104C2979076800705FBF /* BucketList */,
				A3F7104B2979076400705FBF /* Diary */,
			);
			path = Presentation;
			sourceTree = "<group>";
		};
		A3F7103D2979070400705FBF /* Network */ = {
			isa = PBXGroup;
			children = (
				A3F7104A2979075B00705FBF /* Foundation */,
				A3F710492979075800705FBF /* Dto */,
				A3F710482979075200705FBF /* Service */,
				A3F710472979074C00705FBF /* Router */,
				A3F710462979074800705FBF /* Model */,
			);
			path = Network;
			sourceTree = "<group>";
		};
		A3F7103E2979070800705FBF /* Global */ = {
			isa = PBXGroup;
			children = (
				A3F710452979073B00705FBF /* UICoponents */,
				A3F710442979073300705FBF /* Literal */,
				A3F710432979072F00705FBF /* Resource */,
				A3F710422979072800705FBF /* Supports */,
				A3F710412979071D00705FBF /* Extension */,
				A3F710402979071600705FBF /* Utils */,
				A3F7103F2979071100705FBF /* Protocols */,
			);
			path = Global;
			sourceTree = "<group>";
		};
		A3F7103F2979071100705FBF /* Protocols */ = {
			isa = PBXGroup;
			children = (
			);
			path = Protocols;
			sourceTree = "<group>";
		};
		A3F710402979071600705FBF /* Utils */ = {
			isa = PBXGroup;
			children = (
				A3F7106A29790A1600705FBF /* LTUtils */,
				A3F710C129790B3800705FBF /* addToolBar.swift */,
				A3F710B829790B3700705FBF /* adjusted+.swift */,
				A3F710C729790B3800705FBF /* applyShadow.swift */,
				A3F710C529790B3800705FBF /* calculatePastTime.swift */,
				A3F710BC29790B3700705FBF /* calculateStatusBarHeight.swift */,
				A3F710C029790B3700705FBF /* calculateTopInset.swift */,
				A3F710C329790B3800705FBF /* getClassName.swift */,
				A3F710C429790B3800705FBF /* JsonCoder.swift */,
				A3F710BB29790B3700705FBF /* LoadingIndicator.swift */,
				A3F710BA29790B3700705FBF /* makeAlert.swift */,
				A3F710BD29790B3700705FBF /* makeVibrate.swift */,
				A3F710C629790B3800705FBF /* setImage.swift */,
				A3F710B929790B3700705FBF /* setRootViewController.swift */,
				A3F710C829790B3800705FBF /* setStatusBarBackgroundColor.swift */,
				A3F710C229790B3800705FBF /* setTextLineHeight.swift */,
				A3F710BE29790B3700705FBF /* Toast.swift */,
				A3F710BF29790B3700705FBF /* UserDefaultKeyList.swift */,
				A3F710B729790B3700705FBF /* UserDefaultWrapper.swift */,
			);
			path = Utils;
			sourceTree = "<group>";
		};
		A3F710412979071D00705FBF /* Extension */ = {
			isa = PBXGroup;
			children = (
				A3F7106929790A0B00705FBF /* UIKit+ */,
				A3F7106829790A0400705FBF /* Foundation+ */,
				A3F71067297909FE00705FBF /* Combine+ */,
			);
			path = Extension;
			sourceTree = "<group>";
		};
		A3F710422979072800705FBF /* Supports */ = {
			isa = PBXGroup;
			children = (
				A3F71021297905FC00705FBF /* LaunchScreen.storyboard */,
				A3F71016297905FB00705FBF /* AppDelegate.swift */,
				A3F71018297905FB00705FBF /* SceneDelegate.swift */,
			);
			path = Supports;
			sourceTree = "<group>";
		};
		A3F710432979072F00705FBF /* Resource */ = {
			isa = PBXGroup;
			children = (
				A3F71066297909D500705FBF /* Fonts */,
				A3F7101F297905FC00705FBF /* Assets.xcassets */,
			);
			path = Resource;
			sourceTree = "<group>";
		};
		A3F710442979073300705FBF /* Literal */ = {
			isa = PBXGroup;
			children = (
			);
			path = Literal;
			sourceTree = "<group>";
		};
		A3F710452979073B00705FBF /* UICoponents */ = {
			isa = PBXGroup;
			children = (
				A3F71065297909CA00705FBF /* ViewPager */,
			);
			path = UICoponents;
			sourceTree = "<group>";
		};
		A3F710462979074800705FBF /* Model */ = {
			isa = PBXGroup;
			children = (
			);
			path = Model;
			sourceTree = "<group>";
		};
		A3F710472979074C00705FBF /* Router */ = {
			isa = PBXGroup;
			children = (
			);
			path = Router;
			sourceTree = "<group>";
		};
		A3F710482979075200705FBF /* Service */ = {
			isa = PBXGroup;
			children = (
			);
			path = Service;
			sourceTree = "<group>";
		};
		A3F710492979075800705FBF /* Dto */ = {
			isa = PBXGroup;
			children = (
			);
			path = Dto;
			sourceTree = "<group>";
		};
		A3F7104A2979075B00705FBF /* Foundation */ = {
			isa = PBXGroup;
			children = (
			);
			path = Foundation;
			sourceTree = "<group>";
		};
		A3F7104B2979076400705FBF /* Diary */ = {
			isa = PBXGroup;
			children = (
				A3F71064297909B700705FBF /* Views */,
				A3F71063297909B400705FBF /* VC */,
			);
			path = Diary;
			sourceTree = "<group>";
		};
		A3F7104C2979076800705FBF /* BucketList */ = {
			isa = PBXGroup;
			children = (
				A3F71062297909B100705FBF /* Views */,
				A3F71061297909AF00705FBF /* VC */,
			);
			path = BucketList;
			sourceTree = "<group>";
		};
		A3F7104D2979076F00705FBF /* MindSet */ = {
			isa = PBXGroup;
			children = (
				A3F71060297909AA00705FBF /* Views */,
				A3F7105E297909A200705FBF /* VC */,
			);
			path = MindSet;
			sourceTree = "<group>";
		};
		A3F7104E2979077700705FBF /* RecordedWill */ = {
			isa = PBXGroup;
			children = (
				A3F7105D2979099E00705FBF /* Views */,
				A3F7105C2979099800705FBF /* VC */,
			);
			path = RecordedWill;
			sourceTree = "<group>";
		};
		A3F7104F2979078400705FBF /* Letter */ = {
			isa = PBXGroup;
			children = (
				A3F7105A2979098B00705FBF /* Views */,
				A3F710592979098600705FBF /* VC */,
			);
			path = Letter;
			sourceTree = "<group>";
		};
		A3F710502979078A00705FBF /* TabBar */ = {
			isa = PBXGroup;
			children = (
			);
			path = TabBar;
			sourceTree = "<group>";
		};
		A3F710512979079100705FBF /* Landing */ = {
			isa = PBXGroup;
			children = (
				A3F710582979098200705FBF /* Views */,
				A3F710572979098000705FBF /* VC */,
			);
			path = Landing;
			sourceTree = "<group>";
		};
		A3F710522979079900705FBF /* SignIn */ = {
			isa = PBXGroup;
			children = (
				A3F710562979097300705FBF /* Views */,
				A3F710552979096D00705FBF /* VC */,
			);
			path = SignIn;
			sourceTree = "<group>";
		};
		A3F71053297907A100705FBF /* Splash */ = {
			isa = PBXGroup;
			children = (
				A3F710542979096800705FBF /* VC */,
			);
			path = Splash;
			sourceTree = "<group>";
		};
		A3F710542979096800705FBF /* VC */ = {
			isa = PBXGroup;
			children = (
			);
			path = VC;
			sourceTree = "<group>";
		};
		A3F710552979096D00705FBF /* VC */ = {
			isa = PBXGroup;
			children = (
			);
			path = VC;
			sourceTree = "<group>";
		};
		A3F710562979097300705FBF /* Views */ = {
			isa = PBXGroup;
			children = (
			);
			path = Views;
			sourceTree = "<group>";
		};
		A3F710572979098000705FBF /* VC */ = {
			isa = PBXGroup;
			children = (
			);
			path = VC;
			sourceTree = "<group>";
		};
		A3F710582979098200705FBF /* Views */ = {
			isa = PBXGroup;
			children = (
			);
			path = Views;
			sourceTree = "<group>";
		};
		A3F710592979098600705FBF /* VC */ = {
			isa = PBXGroup;
			children = (
			);
			path = VC;
			sourceTree = "<group>";
		};
		A3F7105A2979098B00705FBF /* Views */ = {
			isa = PBXGroup;
			children = (
			);
			path = Views;
			sourceTree = "<group>";
		};
		A3F7105C2979099800705FBF /* VC */ = {
			isa = PBXGroup;
			children = (
			);
			path = VC;
			sourceTree = "<group>";
		};
		A3F7105D2979099E00705FBF /* Views */ = {
			isa = PBXGroup;
			children = (
			);
			path = Views;
			sourceTree = "<group>";
		};
		A3F7105E297909A200705FBF /* VC */ = {
			isa = PBXGroup;
			children = (
			);
			path = VC;
			sourceTree = "<group>";
		};
		A3F71060297909AA00705FBF /* Views */ = {
			isa = PBXGroup;
			children = (
			);
			path = Views;
			sourceTree = "<group>";
		};
		A3F71061297909AF00705FBF /* VC */ = {
			isa = PBXGroup;
			children = (
			);
			path = VC;
			sourceTree = "<group>";
		};
		A3F71062297909B100705FBF /* Views */ = {
			isa = PBXGroup;
			children = (
			);
			path = Views;
			sourceTree = "<group>";
		};
		A3F71063297909B400705FBF /* VC */ = {
			isa = PBXGroup;
			children = (
			);
			path = VC;
			sourceTree = "<group>";
		};
		A3F71064297909B700705FBF /* Views */ = {
			isa = PBXGroup;
			children = (
			);
			path = Views;
			sourceTree = "<group>";
		};
		A3F71065297909CA00705FBF /* ViewPager */ = {
			isa = PBXGroup;
			children = (
			);
			path = ViewPager;
			sourceTree = "<group>";
		};
		A3F71066297909D500705FBF /* Fonts */ = {
			isa = PBXGroup;
			children = (
			);
			path = Fonts;
			sourceTree = "<group>";
		};
		A3F71067297909FE00705FBF /* Combine+ */ = {
			isa = PBXGroup;
			children = (
				A3F710B129790B1D00705FBF /* CancelBag.swift */,
				A3F710B229790B1D00705FBF /* Publisher+Driver.swift */,
				A3F710B329790B1D00705FBF /* Publisher+UIControl.swift */,
			);
			path = "Combine+";
			sourceTree = "<group>";
		};
		A3F7106829790A0400705FBF /* Foundation+ */ = {
			isa = PBXGroup;
			children = (
				A3F710AB29790B1200705FBF /* Encodable+.swift */,
				A3F710AC29790B1200705FBF /* Result+.swift */,
				A3F710AA29790B1200705FBF /* String+.swift */,
				A3F710A929790B1200705FBF /* URL+.swift */,
			);
			path = "Foundation+";
			sourceTree = "<group>";
		};
		A3F7106929790A0B00705FBF /* UIKit+ */ = {
			isa = PBXGroup;
			children = (
				A3F7109229790B0000705FBF /* UIButton+.swift */,
				A3F7109729790B0100705FBF /* UIColor+.swift */,
				A3F7109529790B0100705FBF /* UIDevice+.swift */,
				A3F7109B29790B0100705FBF /* UIImage+.swift */,
				A3F7109629790B0100705FBF /* UILabel+.swift */,
				A3F7108F29790B0000705FBF /* UIStackView+.swift */,
				A3F7109A29790B0100705FBF /* UISwitch+.swift */,
				A3F7109429790B0000705FBF /* UITabBar+.swift */,
				A3F7109129790B0000705FBF /* UITableView+.swift */,
				A3F7109929790B0100705FBF /* UITextField+.swift */,
				A3F7109829790B0100705FBF /* UITextView+.swift */,
				A3F7109029790B0000705FBF /* UIView+.swift */,
				A3F7109329790B0000705FBF /* UIViewController+.swift */,
			);
			path = "UIKit+";
			sourceTree = "<group>";
		};
		A3F7106A29790A1600705FBF /* LTUtils */ = {
			isa = PBXGroup;
			children = (
			);
			path = LTUtils;
			sourceTree = "<group>";
		};
/* End PBXGroup section */

/* Begin PBXNativeTarget section */
		A3F71012297905FB00705FBF /* Lifeteer-iOS */ = {
			isa = PBXNativeTarget;
			buildConfigurationList = A3F71027297905FC00705FBF /* Build configuration list for PBXNativeTarget "Lifeteer-iOS" */;
			buildPhases = (
				A3F7100F297905FB00705FBF /* Sources */,
				A3F71010297905FB00705FBF /* Frameworks */,
				A3F71011297905FB00705FBF /* Resources */,
			);
			buildRules = (
			);
			dependencies = (
			);
			name = "Lifeteer-iOS";
			packageProductDependencies = (
				A3F7102B2979062F00705FBF /* Moya */,
				A3F7102E2979063600705FBF /* Kingfisher */,
				A3F710312979063F00705FBF /* SnapKit */,
				A3F710342979064500705FBF /* Then */,
				A3F710372979065900705FBF /* Lottie */,
				A3F7103A2979067F00705FBF /* FSCalendar */,
			);
			productName = "Lifeteer-iOS";
			productReference = A3F71013297905FB00705FBF /* Lifeteer-iOS.app */;
			productType = "com.apple.product-type.application";
		};
/* End PBXNativeTarget section */

/* Begin PBXProject section */
		A3F7100B297905FB00705FBF /* Project object */ = {
			isa = PBXProject;
			attributes = {
				BuildIndependentTargetsInParallel = 1;
				LastSwiftUpdateCheck = 1400;
				LastUpgradeCheck = 1400;
				TargetAttributes = {
					A3F71012297905FB00705FBF = {
						CreatedOnToolsVersion = 14.0.1;
					};
				};
			};
			buildConfigurationList = A3F7100E297905FB00705FBF /* Build configuration list for PBXProject "Lifeteer-iOS" */;
			compatibilityVersion = "Xcode 14.0";
			developmentRegion = en;
			hasScannedForEncodings = 0;
			knownRegions = (
				en,
				Base,
			);
			mainGroup = A3F7100A297905FB00705FBF;
			packageReferences = (
				A3F7102A2979062F00705FBF /* XCRemoteSwiftPackageReference "Moya" */,
				A3F7102D2979063600705FBF /* XCRemoteSwiftPackageReference "Kingfisher" */,
				A3F710302979063F00705FBF /* XCRemoteSwiftPackageReference "SnapKit" */,
				A3F710332979064500705FBF /* XCRemoteSwiftPackageReference "Then" */,
				A3F710362979065900705FBF /* XCRemoteSwiftPackageReference "lottie-ios" */,
				A3F710392979067F00705FBF /* XCRemoteSwiftPackageReference "FSCalendar" */,
			);
			productRefGroup = A3F71014297905FB00705FBF /* Products */;
			projectDirPath = "";
			projectRoot = "";
			targets = (
				A3F71012297905FB00705FBF /* Lifeteer-iOS */,
			);
		};
/* End PBXProject section */

/* Begin PBXResourcesBuildPhase section */
		A3F71011297905FB00705FBF /* Resources */ = {
			isa = PBXResourcesBuildPhase;
			buildActionMask = 2147483647;
			files = (
				A3F71023297905FC00705FBF /* LaunchScreen.storyboard in Resources */,
				A3F71020297905FC00705FBF /* Assets.xcassets in Resources */,
			);
			runOnlyForDeploymentPostprocessing = 0;
		};
/* End PBXResourcesBuildPhase section */

/* Begin PBXSourcesBuildPhase section */
		A3F7100F297905FB00705FBF /* Sources */ = {
			isa = PBXSourcesBuildPhase;
			buildActionMask = 2147483647;
			files = (
				A3F710D929790B3800705FBF /* applyShadow.swift in Sources */,
				A3F710CE29790B3800705FBF /* calculateStatusBarHeight.swift in Sources */,
				A3F710C929790B3800705FBF /* UserDefaultWrapper.swift in Sources */,
				A3F710B529790B1D00705FBF /* Publisher+Driver.swift in Sources */,
				A3F7101B297905FB00705FBF /* ViewController.swift in Sources */,
				A3F710D529790B3800705FBF /* getClassName.swift in Sources */,
				A3F710DA29790B3800705FBF /* setStatusBarBackgroundColor.swift in Sources */,
				A3F710A729790B0100705FBF /* UISwitch+.swift in Sources */,
				A3F710A229790B0100705FBF /* UIDevice+.swift in Sources */,
				A3F710D729790B3800705FBF /* calculatePastTime.swift in Sources */,
				A3F7109F29790B0100705FBF /* UIButton+.swift in Sources */,
				A3F710A029790B0100705FBF /* UIViewController+.swift in Sources */,
				A3F710D229790B3800705FBF /* calculateTopInset.swift in Sources */,
				A3F710CB29790B3800705FBF /* setRootViewController.swift in Sources */,
				A3F710B429790B1D00705FBF /* CancelBag.swift in Sources */,
				A3F710B629790B1D00705FBF /* Publisher+UIControl.swift in Sources */,
				A3F710D029790B3800705FBF /* Toast.swift in Sources */,
				A3F710A829790B0100705FBF /* UIImage+.swift in Sources */,
				A3F71017297905FB00705FBF /* AppDelegate.swift in Sources */,
				A3F710A429790B0100705FBF /* UIColor+.swift in Sources */,
				A3F710A129790B0100705FBF /* UITabBar+.swift in Sources */,
				A3F71019297905FB00705FBF /* SceneDelegate.swift in Sources */,
				A3F710AE29790B1200705FBF /* String+.swift in Sources */,
				A3F710AD29790B1200705FBF /* URL+.swift in Sources */,
				A3F710A529790B0100705FBF /* UITextView+.swift in Sources */,
				A3F710CC29790B3800705FBF /* makeAlert.swift in Sources */,
				A3F710CA29790B3800705FBF /* adjusted+.swift in Sources */,
				A3F710A629790B0100705FBF /* UITextField+.swift in Sources */,
				A3F710D429790B3800705FBF /* setTextLineHeight.swift in Sources */,
				A3F710B029790B1200705FBF /* Result+.swift in Sources */,
				A3F710D329790B3800705FBF /* addToolBar.swift in Sources */,
				A3F710AF29790B1200705FBF /* Encodable+.swift in Sources */,
				A3F7109E29790B0100705FBF /* UITableView+.swift in Sources */,
				A3F710CD29790B3800705FBF /* LoadingIndicator.swift in Sources */,
				A3F710A329790B0100705FBF /* UILabel+.swift in Sources */,
				A3F710D829790B3800705FBF /* setImage.swift in Sources */,
				A3F710D129790B3800705FBF /* UserDefaultKeyList.swift in Sources */,
				A3F7109C29790B0100705FBF /* UIStackView+.swift in Sources */,
				A3F7109D29790B0100705FBF /* UIView+.swift in Sources */,
				A3F710CF29790B3800705FBF /* makeVibrate.swift in Sources */,
				A3F710D629790B3800705FBF /* JsonCoder.swift in Sources */,
			);
			runOnlyForDeploymentPostprocessing = 0;
		};
/* End PBXSourcesBuildPhase section */

/* Begin PBXVariantGroup section */
		A3F71021297905FC00705FBF /* LaunchScreen.storyboard */ = {
			isa = PBXVariantGroup;
			children = (
				A3F71022297905FC00705FBF /* Base */,
			);
			name = LaunchScreen.storyboard;
			sourceTree = "<group>";
		};
/* End PBXVariantGroup section */

/* Begin XCBuildConfiguration section */
		A3F71025297905FC00705FBF /* Debug */ = {
			isa = XCBuildConfiguration;
			buildSettings = {
				ALWAYS_SEARCH_USER_PATHS = NO;
				CLANG_ANALYZER_NONNULL = YES;
				CLANG_ANALYZER_NUMBER_OBJECT_CONVERSION = YES_AGGRESSIVE;
				CLANG_CXX_LANGUAGE_STANDARD = "gnu++20";
				CLANG_ENABLE_MODULES = YES;
				CLANG_ENABLE_OBJC_ARC = YES;
				CLANG_ENABLE_OBJC_WEAK = YES;
				CLANG_WARN_BLOCK_CAPTURE_AUTORELEASING = YES;
				CLANG_WARN_BOOL_CONVERSION = YES;
				CLANG_WARN_COMMA = YES;
				CLANG_WARN_CONSTANT_CONVERSION = YES;
				CLANG_WARN_DEPRECATED_OBJC_IMPLEMENTATIONS = YES;
				CLANG_WARN_DIRECT_OBJC_ISA_USAGE = YES_ERROR;
				CLANG_WARN_DOCUMENTATION_COMMENTS = YES;
				CLANG_WARN_EMPTY_BODY = YES;
				CLANG_WARN_ENUM_CONVERSION = YES;
				CLANG_WARN_INFINITE_RECURSION = YES;
				CLANG_WARN_INT_CONVERSION = YES;
				CLANG_WARN_NON_LITERAL_NULL_CONVERSION = YES;
				CLANG_WARN_OBJC_IMPLICIT_RETAIN_SELF = YES;
				CLANG_WARN_OBJC_LITERAL_CONVERSION = YES;
				CLANG_WARN_OBJC_ROOT_CLASS = YES_ERROR;
				CLANG_WARN_QUOTED_INCLUDE_IN_FRAMEWORK_HEADER = YES;
				CLANG_WARN_RANGE_LOOP_ANALYSIS = YES;
				CLANG_WARN_STRICT_PROTOTYPES = YES;
				CLANG_WARN_SUSPICIOUS_MOVE = YES;
				CLANG_WARN_UNGUARDED_AVAILABILITY = YES_AGGRESSIVE;
				CLANG_WARN_UNREACHABLE_CODE = YES;
				CLANG_WARN__DUPLICATE_METHOD_MATCH = YES;
				COPY_PHASE_STRIP = NO;
				DEBUG_INFORMATION_FORMAT = dwarf;
				ENABLE_STRICT_OBJC_MSGSEND = YES;
				ENABLE_TESTABILITY = YES;
				GCC_C_LANGUAGE_STANDARD = gnu11;
				GCC_DYNAMIC_NO_PIC = NO;
				GCC_NO_COMMON_BLOCKS = YES;
				GCC_OPTIMIZATION_LEVEL = 0;
				GCC_PREPROCESSOR_DEFINITIONS = (
					"DEBUG=1",
					"$(inherited)",
				);
				GCC_WARN_64_TO_32_BIT_CONVERSION = YES;
				GCC_WARN_ABOUT_RETURN_TYPE = YES_ERROR;
				GCC_WARN_UNDECLARED_SELECTOR = YES;
				GCC_WARN_UNINITIALIZED_AUTOS = YES_AGGRESSIVE;
				GCC_WARN_UNUSED_FUNCTION = YES;
				GCC_WARN_UNUSED_VARIABLE = YES;
				IPHONEOS_DEPLOYMENT_TARGET = 16.0;
				MTL_ENABLE_DEBUG_INFO = INCLUDE_SOURCE;
				MTL_FAST_MATH = YES;
				ONLY_ACTIVE_ARCH = YES;
				SDKROOT = iphoneos;
				SWIFT_ACTIVE_COMPILATION_CONDITIONS = DEBUG;
				SWIFT_OPTIMIZATION_LEVEL = "-Onone";
			};
			name = Debug;
		};
		A3F71026297905FC00705FBF /* Release */ = {
			isa = XCBuildConfiguration;
			buildSettings = {
				ALWAYS_SEARCH_USER_PATHS = NO;
				CLANG_ANALYZER_NONNULL = YES;
				CLANG_ANALYZER_NUMBER_OBJECT_CONVERSION = YES_AGGRESSIVE;
				CLANG_CXX_LANGUAGE_STANDARD = "gnu++20";
				CLANG_ENABLE_MODULES = YES;
				CLANG_ENABLE_OBJC_ARC = YES;
				CLANG_ENABLE_OBJC_WEAK = YES;
				CLANG_WARN_BLOCK_CAPTURE_AUTORELEASING = YES;
				CLANG_WARN_BOOL_CONVERSION = YES;
				CLANG_WARN_COMMA = YES;
				CLANG_WARN_CONSTANT_CONVERSION = YES;
				CLANG_WARN_DEPRECATED_OBJC_IMPLEMENTATIONS = YES;
				CLANG_WARN_DIRECT_OBJC_ISA_USAGE = YES_ERROR;
				CLANG_WARN_DOCUMENTATION_COMMENTS = YES;
				CLANG_WARN_EMPTY_BODY = YES;
				CLANG_WARN_ENUM_CONVERSION = YES;
				CLANG_WARN_INFINITE_RECURSION = YES;
				CLANG_WARN_INT_CONVERSION = YES;
				CLANG_WARN_NON_LITERAL_NULL_CONVERSION = YES;
				CLANG_WARN_OBJC_IMPLICIT_RETAIN_SELF = YES;
				CLANG_WARN_OBJC_LITERAL_CONVERSION = YES;
				CLANG_WARN_OBJC_ROOT_CLASS = YES_ERROR;
				CLANG_WARN_QUOTED_INCLUDE_IN_FRAMEWORK_HEADER = YES;
				CLANG_WARN_RANGE_LOOP_ANALYSIS = YES;
				CLANG_WARN_STRICT_PROTOTYPES = YES;
				CLANG_WARN_SUSPICIOUS_MOVE = YES;
				CLANG_WARN_UNGUARDED_AVAILABILITY = YES_AGGRESSIVE;
				CLANG_WARN_UNREACHABLE_CODE = YES;
				CLANG_WARN__DUPLICATE_METHOD_MATCH = YES;
				COPY_PHASE_STRIP = NO;
				DEBUG_INFORMATION_FORMAT = "dwarf-with-dsym";
				ENABLE_NS_ASSERTIONS = NO;
				ENABLE_STRICT_OBJC_MSGSEND = YES;
				GCC_C_LANGUAGE_STANDARD = gnu11;
				GCC_NO_COMMON_BLOCKS = YES;
				GCC_WARN_64_TO_32_BIT_CONVERSION = YES;
				GCC_WARN_ABOUT_RETURN_TYPE = YES_ERROR;
				GCC_WARN_UNDECLARED_SELECTOR = YES;
				GCC_WARN_UNINITIALIZED_AUTOS = YES_AGGRESSIVE;
				GCC_WARN_UNUSED_FUNCTION = YES;
				GCC_WARN_UNUSED_VARIABLE = YES;
				IPHONEOS_DEPLOYMENT_TARGET = 16.0;
				MTL_ENABLE_DEBUG_INFO = NO;
				MTL_FAST_MATH = YES;
				SDKROOT = iphoneos;
				SWIFT_COMPILATION_MODE = wholemodule;
				SWIFT_OPTIMIZATION_LEVEL = "-O";
				VALIDATE_PRODUCT = YES;
			};
			name = Release;
		};
		A3F71028297905FC00705FBF /* Debug */ = {
			isa = XCBuildConfiguration;
			buildSettings = {
				ASSETCATALOG_COMPILER_APPICON_NAME = AppIcon;
				ASSETCATALOG_COMPILER_GLOBAL_ACCENT_COLOR_NAME = AccentColor;
				CODE_SIGN_STYLE = Automatic;
				CURRENT_PROJECT_VERSION = 1;
				GENERATE_INFOPLIST_FILE = YES;
				INFOPLIST_FILE = "Lifeteer-iOS/Info.plist";
				INFOPLIST_KEY_UIApplicationSupportsIndirectInputEvents = YES;
				INFOPLIST_KEY_UILaunchStoryboardName = LaunchScreen;
				INFOPLIST_KEY_UIMainStoryboardFile = Main;
				INFOPLIST_KEY_UISupportedInterfaceOrientations_iPad = "UIInterfaceOrientationPortrait UIInterfaceOrientationPortraitUpsideDown UIInterfaceOrientationLandscapeLeft UIInterfaceOrientationLandscapeRight";
				INFOPLIST_KEY_UISupportedInterfaceOrientations_iPhone = "UIInterfaceOrientationPortrait UIInterfaceOrientationLandscapeLeft UIInterfaceOrientationLandscapeRight";
				IPHONEOS_DEPLOYMENT_TARGET = 14.0;
				LD_RUNPATH_SEARCH_PATHS = (
					"$(inherited)",
					"@executable_path/Frameworks",
				);
				MARKETING_VERSION = 1.0;
				PRODUCT_BUNDLE_IDENTIFIER = "dlwogus0128.Lifeteer-iOS";
				PRODUCT_NAME = "$(TARGET_NAME)";
				SWIFT_EMIT_LOC_STRINGS = YES;
				SWIFT_VERSION = 5.0;
				TARGETED_DEVICE_FAMILY = "1,2";
			};
			name = Debug;
		};
		A3F71029297905FC00705FBF /* Release */ = {
			isa = XCBuildConfiguration;
			buildSettings = {
				ASSETCATALOG_COMPILER_APPICON_NAME = AppIcon;
				ASSETCATALOG_COMPILER_GLOBAL_ACCENT_COLOR_NAME = AccentColor;
				CODE_SIGN_STYLE = Automatic;
				CURRENT_PROJECT_VERSION = 1;
				GENERATE_INFOPLIST_FILE = YES;
				INFOPLIST_FILE = "Lifeteer-iOS/Info.plist";
				INFOPLIST_KEY_UIApplicationSupportsIndirectInputEvents = YES;
				INFOPLIST_KEY_UILaunchStoryboardName = LaunchScreen;
				INFOPLIST_KEY_UIMainStoryboardFile = Main;
				INFOPLIST_KEY_UISupportedInterfaceOrientations_iPad = "UIInterfaceOrientationPortrait UIInterfaceOrientationPortraitUpsideDown UIInterfaceOrientationLandscapeLeft UIInterfaceOrientationLandscapeRight";
				INFOPLIST_KEY_UISupportedInterfaceOrientations_iPhone = "UIInterfaceOrientationPortrait UIInterfaceOrientationLandscapeLeft UIInterfaceOrientationLandscapeRight";
				IPHONEOS_DEPLOYMENT_TARGET = 14.0;
				LD_RUNPATH_SEARCH_PATHS = (
					"$(inherited)",
					"@executable_path/Frameworks",
				);
				MARKETING_VERSION = 1.0;
				PRODUCT_BUNDLE_IDENTIFIER = "dlwogus0128.Lifeteer-iOS";
				PRODUCT_NAME = "$(TARGET_NAME)";
				SWIFT_EMIT_LOC_STRINGS = YES;
				SWIFT_VERSION = 5.0;
				TARGETED_DEVICE_FAMILY = "1,2";
			};
			name = Release;
		};
/* End XCBuildConfiguration section */

/* Begin XCConfigurationList section */
		A3F7100E297905FB00705FBF /* Build configuration list for PBXProject "Lifeteer-iOS" */ = {
			isa = XCConfigurationList;
			buildConfigurations = (
				A3F71025297905FC00705FBF /* Debug */,
				A3F71026297905FC00705FBF /* Release */,
			);
			defaultConfigurationIsVisible = 0;
			defaultConfigurationName = Release;
		};
		A3F71027297905FC00705FBF /* Build configuration list for PBXNativeTarget "Lifeteer-iOS" */ = {
			isa = XCConfigurationList;
			buildConfigurations = (
				A3F71028297905FC00705FBF /* Debug */,
				A3F71029297905FC00705FBF /* Release */,
			);
			defaultConfigurationIsVisible = 0;
			defaultConfigurationName = Release;
		};
/* End XCConfigurationList section */

/* Begin XCRemoteSwiftPackageReference section */
		A3F7102A2979062F00705FBF /* XCRemoteSwiftPackageReference "Moya" */ = {
			isa = XCRemoteSwiftPackageReference;
			repositoryURL = "https://github.com/Moya/Moya.git";
			requirement = {
				branch = master;
				kind = branch;
			};
		};
		A3F7102D2979063600705FBF /* XCRemoteSwiftPackageReference "Kingfisher" */ = {
			isa = XCRemoteSwiftPackageReference;
			repositoryURL = "https://github.com/onevcat/Kingfisher.git";
			requirement = {
				branch = master;
				kind = branch;
			};
		};
		A3F710302979063F00705FBF /* XCRemoteSwiftPackageReference "SnapKit" */ = {
			isa = XCRemoteSwiftPackageReference;
			repositoryURL = "https://github.com/SnapKit/SnapKit.git";
			requirement = {
				branch = develop;
				kind = branch;
			};
		};
		A3F710332979064500705FBF /* XCRemoteSwiftPackageReference "Then" */ = {
			isa = XCRemoteSwiftPackageReference;
			repositoryURL = "https://github.com/devxoul/Then.git";
			requirement = {
				branch = master;
				kind = branch;
			};
		};
		A3F710362979065900705FBF /* XCRemoteSwiftPackageReference "lottie-ios" */ = {
			isa = XCRemoteSwiftPackageReference;
			repositoryURL = "https://github.com/airbnb/lottie-ios.git";
			requirement = {
				branch = master;
				kind = branch;
			};
		};
		A3F710392979067F00705FBF /* XCRemoteSwiftPackageReference "FSCalendar" */ = {
			isa = XCRemoteSwiftPackageReference;
			repositoryURL = "https://github.com/WenchaoD/FSCalendar.git";
			requirement = {
				branch = master;
				kind = branch;
			};
		};
/* End XCRemoteSwiftPackageReference section */

/* Begin XCSwiftPackageProductDependency section */
		A3F7102B2979062F00705FBF /* Moya */ = {
			isa = XCSwiftPackageProductDependency;
			package = A3F7102A2979062F00705FBF /* XCRemoteSwiftPackageReference "Moya" */;
			productName = Moya;
		};
		A3F7102E2979063600705FBF /* Kingfisher */ = {
			isa = XCSwiftPackageProductDependency;
			package = A3F7102D2979063600705FBF /* XCRemoteSwiftPackageReference "Kingfisher" */;
			productName = Kingfisher;
		};
		A3F710312979063F00705FBF /* SnapKit */ = {
			isa = XCSwiftPackageProductDependency;
			package = A3F710302979063F00705FBF /* XCRemoteSwiftPackageReference "SnapKit" */;
			productName = SnapKit;
		};
		A3F710342979064500705FBF /* Then */ = {
			isa = XCSwiftPackageProductDependency;
			package = A3F710332979064500705FBF /* XCRemoteSwiftPackageReference "Then" */;
			productName = Then;
		};
		A3F710372979065900705FBF /* Lottie */ = {
			isa = XCSwiftPackageProductDependency;
			package = A3F710362979065900705FBF /* XCRemoteSwiftPackageReference "lottie-ios" */;
			productName = Lottie;
		};
		A3F7103A2979067F00705FBF /* FSCalendar */ = {
			isa = XCSwiftPackageProductDependency;
			package = A3F710392979067F00705FBF /* XCRemoteSwiftPackageReference "FSCalendar" */;
			productName = FSCalendar;
		};
/* End XCSwiftPackageProductDependency section */
	};
	rootObject = A3F7100B297905FB00705FBF /* Project object */;
}
